
Microsoft Visual Studio Solution File, Format Version 12.00
# Visual Studio Express 15 for Windows Desktop
VisualStudioVersion = 15.0.28307.2017
MinimumVisualStudioVersion = 10.0.40219.1
Project("{FAE04EC0-301F-11D3-BF4B-00C04F79EFBC}") = "TP7_G7_Ej1_Clases_De_Num", "TP7_G7_Ej1_Clases_De_Num\TP7_G7_Ej1_Clases_De_Num.csproj", "{BCBDC2B8-246F-4EDA-826B-AD19595F6038}"
EndProject
Global
	GlobalSection(SolutionConfigurationPlatforms) = preSolution
		Debug|Any CPU = Debug|Any CPU
		Release|Any CPU = Release|Any CPU
	EndGlobalSection
	GlobalSection(ProjectConfigurationPlatforms) = postSolution
		{BCBDC2B8-246F-4EDA-826B-AD19595F6038}.Debug|Any CPU.ActiveCfg = Debug|Any CPU
		{BCBDC2B8-246F-4EDA-826B-AD19595F6038}.Debug|Any CPU.Build.0 = Debug|Any CPU
		{BCBDC2B8-246F-4EDA-826B-AD19595F6038}.Release|Any CPU.ActiveCfg = Release|Any CPU
		{BCBDC2B8-246F-4EDA-826B-AD19595F6038}.Release|Any CPU.Build.0 = Release|Any CPU
	EndGlobalSection
	GlobalSection(SolutionProperties) = preSolution
		HideSolutionNode = FALSE
	EndGlobalSection
	GlobalSection(ExtensibilityGlobals) = postSolution
		SolutionGuid = {46758211-71BA-4ADE-8BA2-D689B2098356}
	EndGlobalSection
EndGlobal
